
Microsoft Visual Studio Solution File, Format Version 12.00
# Visual Studio Version 17
VisualStudioVersion = 17.14.36623.8 d17.14
MinimumVisualStudioVersion = 10.0.40219.1
Project("{FAE04EC0-301F-11D3-BF4B-00C04F79EFBC}") = "ProjetoExtensao", "ProjetoExtensao\ProjetoExtensao.csproj", "{BD4812C6-1252-4819-95C5-194751B3B18F}"
EndProject
Global
	GlobalSection(SolutionConfigurationPlatforms) = preSolution
		Debug|Any CPU = Debug|Any CPU
		Release|Any CPU = Release|Any CPU
	EndGlobalSection
	GlobalSection(ProjectConfigurationPlatforms) = postSolution
		{BD4812C6-1252-4819-95C5-194751B3B18F}.Debug|Any CPU.ActiveCfg = Debug|Any CPU
		{BD4812C6-1252-4819-95C5-194751B3B18F}.Debug|Any CPU.Build.0 = Debug|Any CPU
		{BD4812C6-1252-4819-95C5-194751B3B18F}.Release|Any CPU.ActiveCfg = Release|Any CPU
		{BD4812C6-1252-4819-95C5-194751B3B18F}.Release|Any CPU.Build.0 = Release|Any CPU
	EndGlobalSection
	GlobalSection(SolutionProperties) = preSolution
		HideSolutionNode = FALSE
	EndGlobalSection
	GlobalSection(ExtensibilityGlobals) = postSolution
		SolutionGuid = {A10816E0-4E20-4960-A5A7-C72B88E09842}
	EndGlobalSection
EndGlobal
